Microsoft Visual Studio Solution File, Format Version 12.00
# Visual Studio Version 17
VisualStudioVersion = 17.5.2.0
MinimumVisualStudioVersion = 10.0.40219.1
Project("{FAE04EC0-301F-11D3-BF4B-00C04F79EFBC}") = "Vaultory.API", "Vaultory.API\Vaultory.API.csproj", "{20367E73-159F-0B59-1D59-3236CB5B922B}"
EndProject
Project("{FAE04EC0-301F-11D3-BF4B-00C04F79EFBC}") = "Vaultory.Application", "Vaultory.Application\Vaultory.Application.csproj", "{65B7A4F6-1B08-E014-B282-E6EE23EAF99B}"
EndProject
Project("{FAE04EC0-301F-11D3-BF4B-00C04F79EFBC}") = "Vaultory.Domain", "Vaultory.Domain\Vaultory.Domain.csproj", "{ECA49025-B3F2-42C8-D56B-25927552C3E2}"
EndProject
Project("{FAE04EC0-301F-11D3-BF4B-00C04F79EFBC}") = "Vaultory.Infrastructure", "Vaultory.Infrastructure\Vaultory.Infrastructure.csproj", "{128EAE94-CEA3-FD61-DB6B-46B1BCC7BB09}"
EndProject
Global
	GlobalSection(SolutionConfigurationPlatforms) = preSolution
		Debug|Any CPU = Debug|Any CPU
		Release|Any CPU = Release|Any CPU
	EndGlobalSection
	GlobalSection(ProjectConfigurationPlatforms) = postSolution
		{20367E73-159F-0B59-1D59-3236CB5B922B}.Debug|Any CPU.ActiveCfg = Debug|Any CPU
		{20367E73-159F-0B59-1D59-3236CB5B922B}.Debug|Any CPU.Build.0 = Debug|Any CPU
		{20367E73-159F-0B59-1D59-3236CB5B922B}.Release|Any CPU.ActiveCfg = Release|Any CPU
		{20367E73-159F-0B59-1D59-3236CB5B922B}.Release|Any CPU.Build.0 = Release|Any CPU
		{65B7A4F6-1B08-E014-B282-E6EE23EAF99B}.Debug|Any CPU.ActiveCfg = Debug|Any CPU
		{65B7A4F6-1B08-E014-B282-E6EE23EAF99B}.Debug|Any CPU.Build.0 = Debug|Any CPU
		{65B7A4F6-1B08-E014-B282-E6EE23EAF99B}.Release|Any CPU.ActiveCfg = Release|Any CPU
		{65B7A4F6-1B08-E014-B282-E6EE23EAF99B}.Release|Any CPU.Build.0 = Release|Any CPU
		{ECA49025-B3F2-42C8-D56B-25927552C3E2}.Debug|Any CPU.ActiveCfg = Debug|Any CPU
		{ECA49025-B3F2-42C8-D56B-25927552C3E2}.Debug|Any CPU.Build.0 = Debug|Any CPU
		{ECA49025-B3F2-42C8-D56B-25927552C3E2}.Release|Any CPU.ActiveCfg = Release|Any CPU
		{ECA49025-B3F2-42C8-D56B-25927552C3E2}.Release|Any CPU.Build.0 = Release|Any CPU
		{128EAE94-CEA3-FD61-DB6B-46B1BCC7BB09}.Debug|Any CPU.ActiveCfg = Debug|Any CPU
		{128EAE94-CEA3-FD61-DB6B-46B1BCC7BB09}.Debug|Any CPU.Build.0 = Debug|Any CPU
		{128EAE94-CEA3-FD61-DB6B-46B1BCC7BB09}.Release|Any CPU.ActiveCfg = Release|Any CPU
		{128EAE94-CEA3-FD61-DB6B-46B1BCC7BB09}.Release|Any CPU.Build.0 = Release|Any CPU
	EndGlobalSection
	GlobalSection(SolutionProperties) = preSolution
		HideSolutionNode = FALSE
	EndGlobalSection
	GlobalSection(ExtensibilityGlobals) = postSolution
		SolutionGuid = {40A48325-A136-47F8-95EE-53A7CEF7FE07}
	EndGlobalSection
EndGlobal
